// !$*UTF8*$!
{
	archiveVersion = 1;
	classes = {
	};
	objectVersion = 56;
	objects = {

/* Begin PBXBuildFile section */
		BD9B6E7A292D984900722894 /* PersistenceService.swift in Sources */ = {isa = PBXBuildFile; fileRef = BD9B6E79292D984900722894 /* PersistenceService.swift */; };
		BD9B6E7D292EDE2700722894 /* Food+CoreDataClass.swift in Sources */ = {isa = PBXBuildFile; fileRef = BD9B6E7B292EDE2700722894 /* Food+CoreDataClass.swift */; };
		BD9B6E7F292EEE7500722894 /* Food+CoreDataProperties.swift in Sources */ = {isa = PBXBuildFile; fileRef = BD9B6E7C292EDE2700722894 /* Food+CoreDataProperties.swift */; };
		BDB86A15292D8AE100051C82 /* AppDelegate.swift in Sources */ = {isa = PBXBuildFile; fileRef = BDB86A14292D8AE100051C82 /* AppDelegate.swift */; };
		BDB86A17292D8AE100051C82 /* SceneDelegate.swift in Sources */ = {isa = PBXBuildFile; fileRef = BDB86A16292D8AE100051C82 /* SceneDelegate.swift */; };
		BDB86A19292D8AE100051C82 /* FoodsViewController.swift in Sources */ = {isa = PBXBuildFile; fileRef = BDB86A18292D8AE100051C82 /* FoodsViewController.swift */; };
		BDB86A1C292D8AE100051C82 /* Main.storyboard in Resources */ = {isa = PBXBuildFile; fileRef = BDB86A1A292D8AE100051C82 /* Main.storyboard */; };
		BDB86A1F292D8AE100051C82 /* Calories_Tracker.xcdatamodeld in Sources */ = {isa = PBXBuildFile; fileRef = BDB86A1D292D8AE100051C82 /* Calories_Tracker.xcdatamodeld */; };
		BDB86A21292D8AE300051C82 /* Assets.xcassets in Resources */ = {isa = PBXBuildFile; fileRef = BDB86A20292D8AE300051C82 /* Assets.xcassets */; };
		BDB86A24292D8AE300051C82 /* LaunchScreen.storyboard in Resources */ = {isa = PBXBuildFile; fileRef = BDB86A22292D8AE300051C82 /* LaunchScreen.storyboard */; };
/* End PBXBuildFile section */

/* Begin PBXFileReference section */
		BD9B6E79292D984900722894 /* PersistenceService.swift */ = {isa = PBXFileReference; lastKnownFileType = sourcecode.swift; path = PersistenceService.swift; sourceTree = "<group>"; };
		BD9B6E7B292EDE2700722894 /* Food+CoreDataClass.swift */ = {isa = PBXFileReference; lastKnownFileType = sourcecode.swift; path = "Food+CoreDataClass.swift"; sourceTree = "<group>"; };
		BD9B6E7C292EDE2700722894 /* Food+CoreDataProperties.swift */ = {isa = PBXFileReference; lastKnownFileType = sourcecode.swift; path = "Food+CoreDataProperties.swift"; sourceTree = "<group>"; };
		BDB86A11292D8AE100051C82 /* Calories-Tracker.app */ = {isa = PBXFileReference; explicitFileType = wrapper.application; includeInIndex = 0; path = "Calories-Tracker.app"; sourceTree = BUILT_PRODUCTS_DIR; };
		BDB86A14292D8AE100051C82 /* AppDelegate.swift */ = {isa = PBXFileReference; lastKnownFileType = sourcecode.swift; path = AppDelegate.swift; sourceTree = "<group>"; };
		BDB86A16292D8AE100051C82 /* SceneDelegate.swift */ = {isa = PBXFileReference; lastKnownFileType = sourcecode.swift; path = SceneDelegate.swift; sourceTree = "<group>"; };
		BDB86A18292D8AE100051C82 /* FoodsViewController.swift */ = {isa = PBXFileReference; lastKnownFileType = sourcecode.swift; path = FoodsViewController.swift; sourceTree = "<group>"; };
		BDB86A1B292D8AE100051C82 /* Base */ = {isa = PBXFileReference; lastKnownFileType = file.storyboard; name = Base; path = Base.lproj/Main.storyboard; sourceTree = "<group>"; };
		BDB86A1E292D8AE100051C82 /* Calories_Tracker.xcdatamodel */ = {isa = PBXFileReference; lastKnownFileType = wrapper.xcdatamodel; path = Calories_Tracker.xcdatamodel; sourceTree = "<group>"; };
		BDB86A20292D8AE300051C82 /* Assets.xcassets */ = {isa = PBXFileReference; lastKnownFileType = folder.assetcatalog; path = Assets.xcassets; sourceTree = "<group>"; };
		BDB86A23292D8AE300051C82 /* Base */ = {isa = PBXFileReference; lastKnownFileType = file.storyboard; name = Base; path = Base.lproj/LaunchScreen.storyboard; sourceTree = "<group>"; };
		BDB86A25292D8AE300051C82 /* Info.plist */ = {isa = PBXFileReference; lastKnownFileType = text.plist.xml; path = Info.plist; sourceTree = "<group>"; };
/* End PBXFileReference section */

/* Begin PBXFrameworksBuildPhase section */
		BDB86A0E292D8AE100051C82 /* Frameworks */ = {
			isa = PBXFrameworksBuildPhase;
			buildActionMask = 2147483647;
			files = (
			);
			runOnlyForDeploymentPostprocessing = 0;
		};
/* End PBXFrameworksBuildPhase section */

/* Begin PBXGroup section */
		BD9B6E77292D92AB00722894 /* ViewControllers */ = {
			isa = PBXGroup;
			children = (
				BDB86A18292D8AE100051C82 /* FoodsViewController.swift */,
			);
			path = ViewControllers;
			sourceTree = "<group>";
		};
		BDB86A08292D8AE100051C82 = {
			isa = PBXGroup;
			children = (
				BDB86A13292D8AE100051C82 /* Calories-Tracker */,
				BDB86A12292D8AE100051C82 /* Products */,
			);
			sourceTree = "<group>";
		};
		BDB86A12292D8AE100051C82 /* Products */ = {
			isa = PBXGroup;
			children = (
				BDB86A11292D8AE100051C82 /* Calories-Tracker.app */,
			);
			name = Products;
			sourceTree = "<group>";
		};
		BDB86A13292D8AE100051C82 /* Calories-Tracker */ = {
			isa = PBXGroup;
			children = (
				BD9B6E77292D92AB00722894 /* ViewControllers */,
				BDB86A2B292D8AF300051C82 /* Models */,
				BDB86A14292D8AE100051C82 /* AppDelegate.swift */,
				BDB86A16292D8AE100051C82 /* SceneDelegate.swift */,
				BDB86A1A292D8AE100051C82 /* Main.storyboard */,
				BDB86A20292D8AE300051C82 /* Assets.xcassets */,
				BDB86A22292D8AE300051C82 /* LaunchScreen.storyboard */,
				BDB86A25292D8AE300051C82 /* Info.plist */,
				BDB86A1D292D8AE100051C82 /* Calories_Tracker.xcdatamodeld */,
				BD9B6E79292D984900722894 /* PersistenceService.swift */,
			);
			path = "Calories-Tracker";
			sourceTree = "<group>";
		};
		BDB86A2B292D8AF300051C82 /* Models */ = {
			isa = PBXGroup;
			children = (
				BD9B6E7B292EDE2700722894 /* Food+CoreDataClass.swift */,
				BD9B6E7C292EDE2700722894 /* Food+CoreDataProperties.swift */,
			);
			path = Models;
			sourceTree = "<group>";
		};
/* End PBXGroup section */

/* Begin PBXNativeTarget section */
		BDB86A10292D8AE100051C82 /* Calories-Tracker */ = {
			isa = PBXNativeTarget;
			buildConfigurationList = BDB86A28292D8AE300051C82 /* Build configuration list for PBXNativeTarget "Calories-Tracker" */;
			buildPhases = (
				BDB86A0D292D8AE100051C82 /* Sources */,
				BDB86A0E292D8AE100051C82 /* Frameworks */,
				BDB86A0F292D8AE100051C82 /* Resources */,
			);
			buildRules = (
			);
			dependencies = (
			);
			name = "Calories-Tracker";
			productName = "Calories-Tracker";
			productReference = BDB86A11292D8AE100051C82 /* Calories-Tracker.app */;
			productType = "com.apple.product-type.application";
		};
/* End PBXNativeTarget section */

/* Begin PBXProject section */
		BDB86A09292D8AE100051C82 /* Project object */ = {
			isa = PBXProject;
			attributes = {
				BuildIndependentTargetsInParallel = 1;
				LastSwiftUpdateCheck = 1410;
				LastUpgradeCheck = 1410;
				TargetAttributes = {
					BDB86A10292D8AE100051C82 = {
						CreatedOnToolsVersion = 14.1;
					};
				};
			};
			buildConfigurationList = BDB86A0C292D8AE100051C82 /* Build configuration list for PBXProject "Calories-Tracker" */;
			compatibilityVersion = "Xcode 14.0";
			developmentRegion = en;
			hasScannedForEncodings = 0;
			knownRegions = (
				en,
				Base,
			);
			mainGroup = BDB86A08292D8AE100051C82;
			productRefGroup = BDB86A12292D8AE100051C82 /* Products */;
			projectDirPath = "";
			projectRoot = "";
			targets = (
				BDB86A10292D8AE100051C82 /* Calories-Tracker */,
			);
		};
/* End PBXProject section */

/* Begin PBXResourcesBuildPhase section */
		BDB86A0F292D8AE100051C82 /* Resources */ = {
			isa = PBXResourcesBuildPhase;
			buildActionMask = 2147483647;
			files = (
				BDB86A24292D8AE300051C82 /* LaunchScreen.storyboard in Resources */,
				BDB86A21292D8AE300051C82 /* Assets.xcassets in Resources */,
				BDB86A1C292D8AE100051C82 /* Main.storyboard in Resources */,
			);
			runOnlyForDeploymentPostprocessing = 0;
		};
/* End PBXResourcesBuildPhase section */

/* Begin PBXSourcesBuildPhase section */
		BDB86A0D292D8AE100051C82 /* Sources */ = {
			isa = PBXSourcesBuildPhase;
			buildActionMask = 2147483647;
			files = (
				BDB86A19292D8AE100051C82 /* FoodsViewController.swift in Sources */,
				BD9B6E7A292D984900722894 /* PersistenceService.swift in Sources */,
				BD9B6E7F292EEE7500722894 /* Food+CoreDataProperties.swift in Sources */,
				BD9B6E7D292EDE2700722894 /* Food+CoreDataClass.swift in Sources */,
				BDB86A15292D8AE100051C82 /* AppDelegate.swift in Sources */,
				BDB86A1F292D8AE100051C82 /* Calories_Tracker.xcdatamodeld in Sources */,
				BDB86A17292D8AE100051C82 /* SceneDelegate.swift in Sources */,
			);
			runOnlyForDeploymentPostprocessing = 0;
		};
/* End PBXSourcesBuildPhase section */

/* Begin PBXVariantGroup section */
		BDB86A1A292D8AE100051C82 /* Main.storyboard */ = {
			isa = PBXVariantGroup;
			children = (
				BDB86A1B292D8AE100051C82 /* Base */,
			);
			name = Main.storyboard;
			sourceTree = "<group>";
		};
		BDB86A22292D8AE300051C82 /* LaunchScreen.storyboard */ = {
			isa = PBXVariantGroup;
			children = (
				BDB86A23292D8AE300051C82 /* Base */,
			);
			name = LaunchScreen.storyboard;
			sourceTree = "<group>";
		};
/* End PBXVariantGroup section */

/* Begin XCBuildConfiguration section */
		BDB86A26292D8AE300051C82 /* Debug */ = {
			isa = XCBuildConfiguration;
			buildSettings = {
				ALWAYS_SEARCH_USER_PATHS = NO;
				CLANG_ANALYZER_NONNULL = YES;
				CLANG_ANALYZER_NUMBER_OBJECT_CONVERSION = YES_AGGRESSIVE;
				CLANG_CXX_LANGUAGE_STANDARD = "gnu++20";
				CLANG_ENABLE_MODULES = YES;
				CLANG_ENABLE_OBJC_ARC = YES;
				CLANG_ENABLE_OBJC_WEAK = YES;
				CLANG_WARN_BLOCK_CAPTURE_AUTORELEASING = YES;
				CLANG_WARN_BOOL_CONVERSION = YES;
				CLANG_WARN_COMMA = YES;
				CLANG_WARN_CONSTANT_CONVERSION = YES;
				CLANG_WARN_DEPRECATED_OBJC_IMPLEMENTATIONS = YES;
				CLANG_WARN_DIRECT_OBJC_ISA_USAGE = YES_ERROR;
				CLANG_WARN_DOCUMENTATION_COMMENTS = YES;
				CLANG_WARN_EMPTY_BODY = YES;
				CLANG_WARN_ENUM_CONVERSION = YES;
				CLANG_WARN_INFINITE_RECURSION = YES;
				CLANG_WARN_INT_CONVERSION = YES;
				CLANG_WARN_NON_LITERAL_NULL_CONVERSION = YES;
				CLANG_WARN_OBJC_IMPLICIT_RETAIN_SELF = YES;
				CLANG_WARN_OBJC_LITERAL_CONVERSION = YES;
				CLANG_WARN_OBJC_ROOT_CLASS = YES_ERROR;
				CLANG_WARN_QUOTED_INCLUDE_IN_FRAMEWORK_HEADER = YES;
				CLANG_WARN_RANGE_LOOP_ANALYSIS = YES;
				CLANG_WARN_STRICT_PROTOTYPES = YES;
				CLANG_WARN_SUSPICIOUS_MOVE = YES;
				CLANG_WARN_UNGUARDED_AVAILABILITY = YES_AGGRESSIVE;
				CLANG_WARN_UNREACHABLE_CODE = YES;
				CLANG_WARN__DUPLICATE_METHOD_MATCH = YES;
				COPY_PHASE_STRIP = NO;
				DEBUG_INFORMATION_FORMAT = dwarf;
				ENABLE_STRICT_OBJC_MSGSEND = YES;
				ENABLE_TESTABILITY = YES;
				GCC_C_LANGUAGE_STANDARD = gnu11;
				GCC_DYNAMIC_NO_PIC = NO;
				GCC_NO_COMMON_BLOCKS = YES;
				GCC_OPTIMIZATION_LEVEL = 0;
				GCC_PREPROCESSOR_DEFINITIONS = (
					"DEBUG=1",
					"$(inherited)",
				);
				GCC_WARN_64_TO_32_BIT_CONVERSION = YES;
				GCC_WARN_ABOUT_RETURN_TYPE = YES_ERROR;
				GCC_WARN_UNDECLARED_SELECTOR = YES;
				GCC_WARN_UNINITIALIZED_AUTOS = YES_AGGRESSIVE;
				GCC_WARN_UNUSED_FUNCTION = YES;
				GCC_WARN_UNUSED_VARIABLE = YES;
				IPHONEOS_DEPLOYMENT_TARGET = 16.1;
				MTL_ENABLE_DEBUG_INFO = INCLUDE_SOURCE;
				MTL_FAST_MATH = YES;
				ONLY_ACTIVE_ARCH = YES;
				SDKROOT = iphoneos;
				SWIFT_ACTIVE_COMPILATION_CONDITIONS = DEBUG;
				SWIFT_OPTIMIZATION_LEVEL = "-Onone";
			};
			name = Debug;
		};
		BDB86A27292D8AE300051C82 /* Release */ = {
			isa = XCBuildConfiguration;
			buildSettings = {
				ALWAYS_SEARCH_USER_PATHS = NO;
				CLANG_ANALYZER_NONNULL = YES;
				CLANG_ANALYZER_NUMBER_OBJECT_CONVERSION = YES_AGGRESSIVE;
				CLANG_CXX_LANGUAGE_STANDARD = "gnu++20";
				CLANG_ENABLE_MODULES = YES;
				CLANG_ENABLE_OBJC_ARC = YES;
				CLANG_ENABLE_OBJC_WEAK = YES;
				CLANG_WARN_BLOCK_CAPTURE_AUTORELEASING = YES;
				CLANG_WARN_BOOL_CONVERSION = YES;
				CLANG_WARN_COMMA = YES;
				CLANG_WARN_CONSTANT_CONVERSION = YES;
				CLANG_WARN_DEPRECATED_OBJC_IMPLEMENTATIONS = YES;
				CLANG_WARN_DIRECT_OBJC_ISA_USAGE = YES_ERROR;
				CLANG_WARN_DOCUMENTATION_COMMENTS = YES;
				CLANG_WARN_EMPTY_BODY = YES;
				CLANG_WARN_ENUM_CONVERSION = YES;
				CLANG_WARN_INFINITE_RECURSION = YES;
				CLANG_WARN_INT_CONVERSION = YES;
				CLANG_WARN_NON_LITERAL_NULL_CONVERSION = YES;
				CLANG_WARN_OBJC_IMPLICIT_RETAIN_SELF = YES;
				CLANG_WARN_OBJC_LITERAL_CONVERSION = YES;
				CLANG_WARN_OBJC_ROOT_CLASS = YES_ERROR;
				CLANG_WARN_QUOTED_INCLUDE_IN_FRAMEWORK_HEADER = YES;
				CLANG_WARN_RANGE_LOOP_ANALYSIS = YES;
				CLANG_WARN_STRICT_PROTOTYPES = YES;
				CLANG_WARN_SUSPICIOUS_MOVE = YES;
				CLANG_WARN_UNGUARDED_AVAILABILITY = YES_AGGRESSIVE;
				CLANG_WARN_UNREACHABLE_CODE = YES;
				CLANG_WARN__DUPLICATE_METHOD_MATCH = YES;
				COPY_PHASE_STRIP = NO;
				DEBUG_INFORMATION_FORMAT = "dwarf-with-dsym";
				ENABLE_NS_ASSERTIONS = NO;
				ENABLE_STRICT_OBJC_MSGSEND = YES;
				GCC_C_LANGUAGE_STANDARD = gnu11;
				GCC_NO_COMMON_BLOCKS = YES;
				GCC_WARN_64_TO_32_BIT_CONVERSION = YES;
				GCC_WARN_ABOUT_RETURN_TYPE = YES_ERROR;
				GCC_WARN_UNDECLARED_SELECTOR = YES;
				GCC_WARN_UNINITIALIZED_AUTOS = YES_AGGRESSIVE;
				GCC_WARN_UNUSED_FUNCTION = YES;
				GCC_WARN_UNUSED_VARIABLE = YES;
				IPHONEOS_DEPLOYMENT_TARGET = 16.1;
				MTL_ENABLE_DEBUG_INFO = NO;
				MTL_FAST_MATH = YES;
				SDKROOT = iphoneos;
				SWIFT_COMPILATION_MODE = wholemodule;
				SWIFT_OPTIMIZATION_LEVEL = "-O";
				VALIDATE_PRODUCT = YES;
			};
			name = Release;
		};
		BDB86A29292D8AE300051C82 /* Debug */ = {
			isa = XCBuildConfiguration;
			buildSettings = {
				ASSETCATALOG_COMPILER_APPICON_NAME = AppIcon;
				ASSETCATALOG_COMPILER_GLOBAL_ACCENT_COLOR_NAME = AccentColor;
				CODE_SIGN_STYLE = Automatic;
				CURRENT_PROJECT_VERSION = 1;
				DEVELOPMENT_TEAM = HPX794PR75;
				GENERATE_INFOPLIST_FILE = YES;
				INFOPLIST_FILE = "Calories-Tracker/Info.plist";
				INFOPLIST_KEY_UIApplicationSupportsIndirectInputEvents = YES;
				INFOPLIST_KEY_UILaunchStoryboardName = LaunchScreen;
				INFOPLIST_KEY_UIMainStoryboardFile = Main;
				INFOPLIST_KEY_UISupportedInterfaceOrientations_iPad = "UIInterfaceOrientationPortrait UIInterfaceOrientationPortraitUpsideDown UIInterfaceOrientationLandscapeLeft UIInterfaceOrientationLandscapeRight";
				INFOPLIST_KEY_UISupportedInterfaceOrientations_iPhone = "UIInterfaceOrientationPortrait UIInterfaceOrientationLandscapeLeft UIInterfaceOrientationLandscapeRight";
				LD_RUNPATH_SEARCH_PATHS = (
					"$(inherited)",
					"@executable_path/Frameworks",
				);
				MARKETING_VERSION = 1.0;
				PRODUCT_BUNDLE_IDENTIFIER = "CT.Calories-Tracker";
				PRODUCT_NAME = "$(TARGET_NAME)";
				SWIFT_EMIT_LOC_STRINGS = YES;
				SWIFT_VERSION = 5.0;
				TARGETED_DEVICE_FAMILY = "1,2";
			};
			name = Debug;
		};
		BDB86A2A292D8AE300051C82 /* Release */ = {
			isa = XCBuildConfiguration;
			buildSettings = {
				ASSETCATALOG_COMPILER_APPICON_NAME = AppIcon;
				ASSETCATALOG_COMPILER_GLOBAL_ACCENT_COLOR_NAME = AccentColor;
				CODE_SIGN_STYLE = Automatic;
				CURRENT_PROJECT_VERSION = 1;
				DEVELOPMENT_TEAM = HPX794PR75;
				GENERATE_INFOPLIST_FILE = YES;
				INFOPLIST_FILE = "Calories-Tracker/Info.plist";
				INFOPLIST_KEY_UIApplicationSupportsIndirectInputEvents = YES;
				INFOPLIST_KEY_UILaunchStoryboardName = LaunchScreen;
				INFOPLIST_KEY_UIMainStoryboardFile = Main;
				INFOPLIST_KEY_UISupportedInterfaceOrientations_iPad = "UIInterfaceOrientationPortrait UIInterfaceOrientationPortraitUpsideDown UIInterfaceOrientationLandscapeLeft UIInterfaceOrientationLandscapeRight";
				INFOPLIST_KEY_UISupportedInterfaceOrientations_iPhone = "UIInterfaceOrientationPortrait UIInterfaceOrientationLandscapeLeft UIInterfaceOrientationLandscapeRight";
				LD_RUNPATH_SEARCH_PATHS = (
					"$(inherited)",
					"@executable_path/Frameworks",
				);
				MARKETING_VERSION = 1.0;
				PRODUCT_BUNDLE_IDENTIFIER = "CT.Calories-Tracker";
				PRODUCT_NAME = "$(TARGET_NAME)";
				SWIFT_EMIT_LOC_STRINGS = YES;
				SWIFT_VERSION = 5.0;
				TARGETED_DEVICE_FAMILY = "1,2";
			};
			name = Release;
		};
/* End XCBuildConfiguration section */

/* Begin XCConfigurationList section */
		BDB86A0C292D8AE100051C82 /* Build configuration list for PBXProject "Calories-Tracker" */ = {
			isa = XCConfigurationList;
			buildConfigurations = (
				BDB86A26292D8AE300051C82 /* Debug */,
				BDB86A27292D8AE300051C82 /* Release */,
			);
			defaultConfigurationIsVisible = 0;
			defaultConfigurationName = Release;
		};
		BDB86A28292D8AE300051C82 /* Build configuration list for PBXNativeTarget "Calories-Tracker" */ = {
			isa = XCConfigurationList;
			buildConfigurations = (
				BDB86A29292D8AE300051C82 /* Debug */,
				BDB86A2A292D8AE300051C82 /* Release */,
			);
			defaultConfigurationIsVisible = 0;
			defaultConfigurationName = Release;
		};
/* End XCConfigurationList section */

/* Begin XCVersionGroup section */
		BDB86A1D292D8AE100051C82 /* Calories_Tracker.xcdatamodeld */ = {
			isa = XCVersionGroup;
			children = (
				BDB86A1E292D8AE100051C82 /* Calories_Tracker.xcdatamodel */,
			);
			currentVersion = BDB86A1E292D8AE100051C82 /* Calories_Tracker.xcdatamodel */;
			path = Calories_Tracker.xcdatamodeld;
			sourceTree = "<group>";
			versionGroupType = wrapper.xcdatamodel;
		};
/* End XCVersionGroup section */
	};
	rootObject = BDB86A09292D8AE100051C82 /* Project object */;
}
